
Microsoft Visual Studio Solution File, Format Version 12.00
# Visual Studio 2012
Project("{FAE04EC0-301F-11D3-BF4B-00C04F79EFBC}") = "BidEngine.Ui", "BidEngine.Ui\BidEngine.Ui.csproj", "{D191697E-DC05-4842-81D2-56153CAF7DF6}"
EndProject
Global
	GlobalSection(SolutionConfigurationPlatforms) = preSolution
		Debug|Any CPU = Debug|Any CPU
		Release|Any CPU = Release|Any CPU
	EndGlobalSection
	GlobalSection(ProjectConfigurationPlatforms) = postSolution
		{D191697E-DC05-4842-81D2-56153CAF7DF6}.Debug|Any CPU.ActiveCfg = Debug|Any CPU
		{D191697E-DC05-4842-81D2-56153CAF7DF6}.Debug|Any CPU.Build.0 = Debug|Any CPU
		{D191697E-DC05-4842-81D2-56153CAF7DF6}.Release|Any CPU.ActiveCfg = Release|Any CPU
		{D191697E-DC05-4842-81D2-56153CAF7DF6}.Release|Any CPU.Build.0 = Release|Any CPU
	EndGlobalSection
EndGlobal
